
Microsoft Visual Studio Solution File, Format Version 12.00
# Visual Studio Version 17
VisualStudioVersion = 17.1.32328.378
MinimumVisualStudioVersion = 10.0.40219.1
Project("{FAE04EC0-301F-11D3-BF4B-00C04F79EFBC}") = "Medical.API", "Medical.API\Medical.API.csproj", "{C41BE745-AFF4-4BA1-9F6E-E4E57899F893}"
EndProject
Project("{FAE04EC0-301F-11D3-BF4B-00C04F79EFBC}") = "Medical.Repository", "Medical.Repository\Medical.Repository.csproj", "{8AB4738B-D6C8-42CF-AF74-65C5A15196C0}"
EndProject
Project("{FAE04EC0-301F-11D3-BF4B-00C04F79EFBC}") = "Medical.Services", "Medical.Services\Medical.Services.csproj", "{BAB362C1-28E0-4313-B2C2-F3B1873ADC7C}"
EndProject
Project("{FAE04EC0-301F-11D3-BF4B-00C04F79EFBC}") = "Medical.Models", "Medical.Models\Medical.Models.csproj", "{C3AE9FF5-A8AA-4D1B-A623-F62458912384}"
EndProject
Project("{FAE04EC0-301F-11D3-BF4B-00C04F79EFBC}") = "Medical.Common", "Medical.Common\Medical.Common.csproj", "{CC7DDA57-8D83-4913-B35A-95445713EA79}"
EndProject
Global
	GlobalSection(SolutionConfigurationPlatforms) = preSolution
		Debug|Any CPU = Debug|Any CPU
		Release|Any CPU = Release|Any CPU
	EndGlobalSection
	GlobalSection(ProjectConfigurationPlatforms) = postSolution
		{C41BE745-AFF4-4BA1-9F6E-E4E57899F893}.Debug|Any CPU.ActiveCfg = Debug|Any CPU
		{C41BE745-AFF4-4BA1-9F6E-E4E57899F893}.Debug|Any CPU.Build.0 = Debug|Any CPU
		{C41BE745-AFF4-4BA1-9F6E-E4E57899F893}.Release|Any CPU.ActiveCfg = Release|Any CPU
		{C41BE745-AFF4-4BA1-9F6E-E4E57899F893}.Release|Any CPU.Build.0 = Release|Any CPU
		{8AB4738B-D6C8-42CF-AF74-65C5A15196C0}.Debug|Any CPU.ActiveCfg = Debug|Any CPU
		{8AB4738B-D6C8-42CF-AF74-65C5A15196C0}.Debug|Any CPU.Build.0 = Debug|Any CPU
		{8AB4738B-D6C8-42CF-AF74-65C5A15196C0}.Release|Any CPU.ActiveCfg = Release|Any CPU
		{8AB4738B-D6C8-42CF-AF74-65C5A15196C0}.Release|Any CPU.Build.0 = Release|Any CPU
		{BAB362C1-28E0-4313-B2C2-F3B1873ADC7C}.Debug|Any CPU.ActiveCfg = Debug|Any CPU
		{BAB362C1-28E0-4313-B2C2-F3B1873ADC7C}.Debug|Any CPU.Build.0 = Debug|Any CPU
		{BAB362C1-28E0-4313-B2C2-F3B1873ADC7C}.Release|Any CPU.ActiveCfg = Release|Any CPU
		{BAB362C1-28E0-4313-B2C2-F3B1873ADC7C}.Release|Any CPU.Build.0 = Release|Any CPU
		{C3AE9FF5-A8AA-4D1B-A623-F62458912384}.Debug|Any CPU.ActiveCfg = Debug|Any CPU
		{C3AE9FF5-A8AA-4D1B-A623-F62458912384}.Debug|Any CPU.Build.0 = Debug|Any CPU
		{C3AE9FF5-A8AA-4D1B-A623-F62458912384}.Release|Any CPU.ActiveCfg = Release|Any CPU
		{C3AE9FF5-A8AA-4D1B-A623-F62458912384}.Release|Any CPU.Build.0 = Release|Any CPU
		{CC7DDA57-8D83-4913-B35A-95445713EA79}.Debug|Any CPU.ActiveCfg = Debug|Any CPU
		{CC7DDA57-8D83-4913-B35A-95445713EA79}.Debug|Any CPU.Build.0 = Debug|Any CPU
		{CC7DDA57-8D83-4913-B35A-95445713EA79}.Release|Any CPU.ActiveCfg = Release|Any CPU
		{CC7DDA57-8D83-4913-B35A-95445713EA79}.Release|Any CPU.Build.0 = Release|Any CPU
	EndGlobalSection
	GlobalSection(SolutionProperties) = preSolution
		HideSolutionNode = FALSE
	EndGlobalSection
	GlobalSection(ExtensibilityGlobals) = postSolution
		SolutionGuid = {E1DDBBEC-85D6-4DEA-9840-7FF6F1A475D6}
	EndGlobalSection
EndGlobal
